
Microsoft Visual Studio Solution File, Format Version 12.00
# Visual Studio Version 17
VisualStudioVersion = 17.13.35931.197 d17.13
MinimumVisualStudioVersion = 10.0.40219.1
Project("{FAE04EC0-301F-11D3-BF4B-00C04F79EFBC}") = "Gelismis_tipler_Queue", "Gelismis_tipler_Queue\Gelismis_tipler_Queue.csproj", "{AFB34786-9FC5-4A35-ACB3-D804C7FA9EF6}"
EndProject
Global
	GlobalSection(SolutionConfigurationPlatforms) = preSolution
		Debug|Any CPU = Debug|Any CPU
		Release|Any CPU = Release|Any CPU
	EndGlobalSection
	GlobalSection(ProjectConfigurationPlatforms) = postSolution
		{AFB34786-9FC5-4A35-ACB3-D804C7FA9EF6}.Debug|Any CPU.ActiveCfg = Debug|Any CPU
		{AFB34786-9FC5-4A35-ACB3-D804C7FA9EF6}.Debug|Any CPU.Build.0 = Debug|Any CPU
		{AFB34786-9FC5-4A35-ACB3-D804C7FA9EF6}.Release|Any CPU.ActiveCfg = Release|Any CPU
		{AFB34786-9FC5-4A35-ACB3-D804C7FA9EF6}.Release|Any CPU.Build.0 = Release|Any CPU
	EndGlobalSection
	GlobalSection(SolutionProperties) = preSolution
		HideSolutionNode = FALSE
	EndGlobalSection
	GlobalSection(ExtensibilityGlobals) = postSolution
		SolutionGuid = {83AE334D-5C46-455E-A13D-2D74B0549390}
	EndGlobalSection
EndGlobal
